// !$*UTF8*$!
{
	archiveVersion = 1;
	classes = {
	};
	objectVersion = 46;
	objects = {

/* Begin PBXBuildFile section */
		046B8BC01A117D8900E5E90E /* Location.swift in Sources */ = {isa = PBXBuildFile; fileRef = 046B8BBF1A117D8900E5E90E /* Location.swift */; };
		0471EE751A0C0E2300E31FBF /* Handler.swift in Sources */ = {isa = PBXBuildFile; fileRef = 0471EE741A0C0E2300E31FBF /* Handler.swift */; };
		0471EE791A0E9D9D00E31FBF /* FacebookSDK.framework in Frameworks */ = {isa = PBXBuildFile; fileRef = 0471EE781A0E9D9D00E31FBF /* FacebookSDK.framework */; };
		0471EE7B1A0E9EEC00E31FBF /* ParseFacebookUtils.framework in Frameworks */ = {isa = PBXBuildFile; fileRef = 0471EE7A1A0E9EEC00E31FBF /* ParseFacebookUtils.framework */; };
		0471EE7F1A10771200E31FBF /* GoogleMaps.framework in Frameworks */ = {isa = PBXBuildFile; fileRef = 0471EE7E1A10771200E31FBF /* GoogleMaps.framework */; };
		0471EE811A10774700E31FBF /* AVFoundation.framework in Frameworks */ = {isa = PBXBuildFile; fileRef = 0471EE801A10774700E31FBF /* AVFoundation.framework */; };
		0471EE831A10775200E31FBF /* CoreData.framework in Frameworks */ = {isa = PBXBuildFile; fileRef = 0471EE821A10775200E31FBF /* CoreData.framework */; };
		0471EE851A10775F00E31FBF /* CoreText.framework in Frameworks */ = {isa = PBXBuildFile; fileRef = 0471EE841A10775F00E31FBF /* CoreText.framework */; };
		0471EE871A10776700E31FBF /* GLKit.framework in Frameworks */ = {isa = PBXBuildFile; fileRef = 0471EE861A10776700E31FBF /* GLKit.framework */; };
		0471EE891A10776F00E31FBF /* ImageIO.framework in Frameworks */ = {isa = PBXBuildFile; fileRef = 0471EE881A10776F00E31FBF /* ImageIO.framework */; };
		0471EE8B1A10777B00E31FBF /* libc++.dylib in Frameworks */ = {isa = PBXBuildFile; fileRef = 0471EE8A1A10777B00E31FBF /* libc++.dylib */; };
		0471EE8D1A10778800E31FBF /* libicucore.dylib in Frameworks */ = {isa = PBXBuildFile; fileRef = 0471EE8C1A10778800E31FBF /* libicucore.dylib */; };
		0471EE8F1A10779700E31FBF /* OpenGLES.framework in Frameworks */ = {isa = PBXBuildFile; fileRef = 0471EE8E1A10779700E31FBF /* OpenGLES.framework */; };
		0471EE911A107A9600E31FBF /* GoogleMaps.bundle in Resources */ = {isa = PBXBuildFile; fileRef = 0471EE901A107A9600E31FBF /* GoogleMaps.bundle */; };
		0487236B1A083ABC00BF6E66 /* AppDelegate.swift in Sources */ = {isa = PBXBuildFile; fileRef = 0487236A1A083ABC00BF6E66 /* AppDelegate.swift */; };
		0487236D1A083ABC00BF6E66 /* MasterViewController.swift in Sources */ = {isa = PBXBuildFile; fileRef = 0487236C1A083ABC00BF6E66 /* MasterViewController.swift */; };
		0487236F1A083ABC00BF6E66 /* DetailViewController.swift in Sources */ = {isa = PBXBuildFile; fileRef = 0487236E1A083ABC00BF6E66 /* DetailViewController.swift */; };
		048723721A083ABC00BF6E66 /* Main.storyboard in Resources */ = {isa = PBXBuildFile; fileRef = 048723701A083ABC00BF6E66 /* Main.storyboard */; };
		048723741A083ABC00BF6E66 /* Images.xcassets in Resources */ = {isa = PBXBuildFile; fileRef = 048723731A083ABC00BF6E66 /* Images.xcassets */; };
		048723771A083ABC00BF6E66 /* LaunchScreen.xib in Resources */ = {isa = PBXBuildFile; fileRef = 048723751A083ABC00BF6E66 /* LaunchScreen.xib */; };
		048723831A083ABC00BF6E66 /* Find_My_CarTests.swift in Sources */ = {isa = PBXBuildFile; fileRef = 048723821A083ABC00BF6E66 /* Find_My_CarTests.swift */; };
		049D89D51A1E8E3800577F4F /* Activity.swift in Sources */ = {isa = PBXBuildFile; fileRef = 04A439211A08740B00DA6306 /* Activity.swift */; };
		04A439221A08740B00DA6306 /* Activity.swift in Sources */ = {isa = PBXBuildFile; fileRef = 04A439211A08740B00DA6306 /* Activity.swift */; };
		04A439271A08859800DA6306 /* Parse.framework in Frameworks */ = {isa = PBXBuildFile; fileRef = 04A439261A08859800DA6306 /* Parse.framework */; };
		04A439291A08886F00DA6306 /* AudioToolbox.framework in Frameworks */ = {isa = PBXBuildFile; fileRef = 04A439281A08886F00DA6306 /* AudioToolbox.framework */; };
		04A4392B1A08887500DA6306 /* CFNetwork.framework in Frameworks */ = {isa = PBXBuildFile; fileRef = 04A4392A1A08887500DA6306 /* CFNetwork.framework */; };
		04A4392D1A08887E00DA6306 /* CoreGraphics.framework in Frameworks */ = {isa = PBXBuildFile; fileRef = 04A4392C1A08887E00DA6306 /* CoreGraphics.framework */; };
		04A4392F1A08888600DA6306 /* CoreLocation.framework in Frameworks */ = {isa = PBXBuildFile; fileRef = 04A4392E1A08888600DA6306 /* CoreLocation.framework */; };
		04A439311A08889600DA6306 /* libz.dylib in Frameworks */ = {isa = PBXBuildFile; fileRef = 04A439301A08889600DA6306 /* libz.dylib */; };
		04A439331A08889F00DA6306 /* MobileCoreServices.framework in Frameworks */ = {isa = PBXBuildFile; fileRef = 04A439321A08889F00DA6306 /* MobileCoreServices.framework */; };
		04A439351A0888A700DA6306 /* QuartzCore.framework in Frameworks */ = {isa = PBXBuildFile; fileRef = 04A439341A0888A700DA6306 /* QuartzCore.framework */; };
		04A439371A0888B000DA6306 /* Security.framework in Frameworks */ = {isa = PBXBuildFile; fileRef = 04A439361A0888B000DA6306 /* Security.framework */; };
		04A4393B1A0888C200DA6306 /* SystemConfiguration.framework in Frameworks */ = {isa = PBXBuildFile; fileRef = 04A4393A1A0888C200DA6306 /* SystemConfiguration.framework */; };
		04EF58201A3007C800F174F0 /* upArrow.png in Resources */ = {isa = PBXBuildFile; fileRef = 04EF581F1A3007C800F174F0 /* upArrow.png */; };
		04EF58221A3007D500F174F0 /* downArrow.png in Resources */ = {isa = PBXBuildFile; fileRef = 04EF58211A3007D500F174F0 /* downArrow.png */; };
/* End PBXBuildFile section */

/* Begin PBXContainerItemProxy section */
		0487237D1A083ABC00BF6E66 /* PBXContainerItemProxy */ = {
			isa = PBXContainerItemProxy;
			containerPortal = 0487235D1A083ABC00BF6E66 /* Project object */;
			proxyType = 1;
			remoteGlobalIDString = 048723641A083ABC00BF6E66;
			remoteInfo = "Find My Car";
		};
/* End PBXContainerItemProxy section */

/* Begin PBXFileReference section */
		046B8BBF1A117D8900E5E90E /* Location.swift */ = {isa = PBXFileReference; fileEncoding = 4; lastKnownFileType = sourcecode.swift; path = Location.swift; sourceTree = "<group>"; };
		0471EE741A0C0E2300E31FBF /* Handler.swift */ = {isa = PBXFileReference; fileEncoding = 4; lastKnownFileType = sourcecode.swift; path = Handler.swift; sourceTree = "<group>"; };
		0471EE781A0E9D9D00E31FBF /* FacebookSDK.framework */ = {isa = PBXFileReference; lastKnownFileType = wrapper.framework; name = FacebookSDK.framework; path = ../../../FacebookSDK/FacebookSDK.framework; sourceTree = "<group>"; };
		0471EE7A1A0E9EEC00E31FBF /* ParseFacebookUtils.framework */ = {isa = PBXFileReference; lastKnownFileType = wrapper.framework; name = ParseFacebookUtils.framework; path = ../ParseStarterProject/ParseFacebookUtils.framework; sourceTree = "<group>"; };
		0471EE7E1A10771200E31FBF /* GoogleMaps.framework */ = {isa = PBXFileReference; lastKnownFileType = wrapper.framework; path = GoogleMaps.framework; sourceTree = "<group>"; };
		0471EE801A10774700E31FBF /* AVFoundation.framework */ = {isa = PBXFileReference; lastKnownFileType = wrapper.framework; name = AVFoundation.framework; path = System/Library/Frameworks/AVFoundation.framework; sourceTree = SDKROOT; };
		0471EE821A10775200E31FBF /* CoreData.framework */ = {isa = PBXFileReference; lastKnownFileType = wrapper.framework; name = CoreData.framework; path = System/Library/Frameworks/CoreData.framework; sourceTree = SDKROOT; };
		0471EE841A10775F00E31FBF /* CoreText.framework */ = {isa = PBXFileReference; lastKnownFileType = wrapper.framework; name = CoreText.framework; path = System/Library/Frameworks/CoreText.framework; sourceTree = SDKROOT; };
		0471EE861A10776700E31FBF /* GLKit.framework */ = {isa = PBXFileReference; lastKnownFileType = wrapper.framework; name = GLKit.framework; path = System/Library/Frameworks/GLKit.framework; sourceTree = SDKROOT; };
		0471EE881A10776F00E31FBF /* ImageIO.framework */ = {isa = PBXFileReference; lastKnownFileType = wrapper.framework; name = ImageIO.framework; path = System/Library/Frameworks/ImageIO.framework; sourceTree = SDKROOT; };
		0471EE8A1A10777B00E31FBF /* libc++.dylib */ = {isa = PBXFileReference; lastKnownFileType = "compiled.mach-o.dylib"; name = "libc++.dylib"; path = "usr/lib/libc++.dylib"; sourceTree = SDKROOT; };
		0471EE8C1A10778800E31FBF /* libicucore.dylib */ = {isa = PBXFileReference; lastKnownFileType = "compiled.mach-o.dylib"; name = libicucore.dylib; path = usr/lib/libicucore.dylib; sourceTree = SDKROOT; };
		0471EE8E1A10779700E31FBF /* OpenGLES.framework */ = {isa = PBXFileReference; lastKnownFileType = wrapper.framework; name = OpenGLES.framework; path = System/Library/Frameworks/OpenGLES.framework; sourceTree = SDKROOT; };
		0471EE901A107A9600E31FBF /* GoogleMaps.bundle */ = {isa = PBXFileReference; lastKnownFileType = "wrapper.plug-in"; name = GoogleMaps.bundle; path = GoogleMaps.framework/Versions/A/Resources/GoogleMaps.bundle; sourceTree = "<group>"; };
		048723651A083ABC00BF6E66 /* Find My Car.app */ = {isa = PBXFileReference; explicitFileType = wrapper.application; includeInIndex = 0; path = "Find My Car.app"; sourceTree = BUILT_PRODUCTS_DIR; };
		048723691A083ABC00BF6E66 /* Info.plist */ = {isa = PBXFileReference; lastKnownFileType = text.plist.xml; path = Info.plist; sourceTree = "<group>"; };
		0487236A1A083ABC00BF6E66 /* AppDelegate.swift */ = {isa = PBXFileReference; lastKnownFileType = sourcecode.swift; path = AppDelegate.swift; sourceTree = "<group>"; };
		0487236C1A083ABC00BF6E66 /* MasterViewController.swift */ = {isa = PBXFileReference; lastKnownFileType = sourcecode.swift; path = MasterViewController.swift; sourceTree = "<group>"; xcLanguageSpecificationIdentifier = xcode.lang.swift; };
		0487236E1A083ABC00BF6E66 /* DetailViewController.swift */ = {isa = PBXFileReference; lastKnownFileType = sourcecode.swift; path = DetailViewController.swift; sourceTree = "<group>"; };
		048723711A083ABC00BF6E66 /* Base */ = {isa = PBXFileReference; lastKnownFileType = file.storyboard; name = Base; path = Base.lproj/Main.storyboard; sourceTree = "<group>"; };
		048723731A083ABC00BF6E66 /* Images.xcassets */ = {isa = PBXFileReference; lastKnownFileType = folder.assetcatalog; path = Images.xcassets; sourceTree = "<group>"; };
		048723761A083ABC00BF6E66 /* Base */ = {isa = PBXFileReference; lastKnownFileType = file.xib; name = Base; path = Base.lproj/LaunchScreen.xib; sourceTree = "<group>"; };
		0487237C1A083ABC00BF6E66 /* Find My CarTests.xctest */ = {isa = PBXFileReference; explicitFileType = wrapper.cfbundle; includeInIndex = 0; path = "Find My CarTests.xctest"; sourceTree = BUILT_PRODUCTS_DIR; };
		048723811A083ABC00BF6E66 /* Info.plist */ = {isa = PBXFileReference; lastKnownFileType = text.plist.xml; path = Info.plist; sourceTree = "<group>"; };
		048723821A083ABC00BF6E66 /* Find_My_CarTests.swift */ = {isa = PBXFileReference; lastKnownFileType = sourcecode.swift; path = Find_My_CarTests.swift; sourceTree = "<group>"; };
		04A439211A08740B00DA6306 /* Activity.swift */ = {isa = PBXFileReference; fileEncoding = 4; lastKnownFileType = sourcecode.swift; path = Activity.swift; sourceTree = "<group>"; };
		04A439231A08848500DA6306 /* Find My Car-Bridging-Header.h */ = {isa = PBXFileReference; lastKnownFileType = sourcecode.c.h; path = "Find My Car-Bridging-Header.h"; sourceTree = "<group>"; };
		04A439261A08859800DA6306 /* Parse.framework */ = {isa = PBXFileReference; lastKnownFileType = wrapper.framework; name = Parse.framework; path = ../ParseStarterProject/Parse.framework; sourceTree = "<group>"; };
		04A439281A08886F00DA6306 /* AudioToolbox.framework */ = {isa = PBXFileReference; lastKnownFileType = wrapper.framework; name = AudioToolbox.framework; path = System/Library/Frameworks/AudioToolbox.framework; sourceTree = SDKROOT; };
		04A4392A1A08887500DA6306 /* CFNetwork.framework */ = {isa = PBXFileReference; lastKnownFileType = wrapper.framework; name = CFNetwork.framework; path = System/Library/Frameworks/CFNetwork.framework; sourceTree = SDKROOT; };
		04A4392C1A08887E00DA6306 /* CoreGraphics.framework */ = {isa = PBXFileReference; lastKnownFileType = wrapper.framework; name = CoreGraphics.framework; path = System/Library/Frameworks/CoreGraphics.framework; sourceTree = SDKROOT; };
		04A4392E1A08888600DA6306 /* CoreLocation.framework */ = {isa = PBXFileReference; lastKnownFileType = wrapper.framework; name = CoreLocation.framework; path = System/Library/Frameworks/CoreLocation.framework; sourceTree = SDKROOT; };
		04A439301A08889600DA6306 /* libz.dylib */ = {isa = PBXFileReference; lastKnownFileType = "compiled.mach-o.dylib"; name = libz.dylib; path = usr/lib/libz.dylib; sourceTree = SDKROOT; };
		04A439321A08889F00DA6306 /* MobileCoreServices.framework */ = {isa = PBXFileReference; lastKnownFileType = wrapper.framework; name = MobileCoreServices.framework; path = System/Library/Frameworks/MobileCoreServices.framework; sourceTree = SDKROOT; };
		04A439341A0888A700DA6306 /* QuartzCore.framework */ = {isa = PBXFileReference; lastKnownFileType = wrapper.framework; name = QuartzCore.framework; path = System/Library/Frameworks/QuartzCore.framework; sourceTree = SDKROOT; };
		04A439361A0888B000DA6306 /* Security.framework */ = {isa = PBXFileReference; lastKnownFileType = wrapper.framework; name = Security.framework; path = System/Library/Frameworks/Security.framework; sourceTree = SDKROOT; };
		04A4393A1A0888C200DA6306 /* SystemConfiguration.framework */ = {isa = PBXFileReference; lastKnownFileType = wrapper.framework; name = SystemConfiguration.framework; path = System/Library/Frameworks/SystemConfiguration.framework; sourceTree = SDKROOT; };
		04A4393C1A08898100DA6306 /* Bolts.framework */ = {isa = PBXFileReference; lastKnownFileType = wrapper.framework; name = Bolts.framework; path = ../ParseStarterProject/Bolts.framework; sourceTree = "<group>"; };
		04E1DFE01A12CCDD006E8768 /* CoreMedia.framework */ = {isa = PBXFileReference; lastKnownFileType = wrapper.framework; name = CoreMedia.framework; path = System/Library/Frameworks/CoreMedia.framework; sourceTree = SDKROOT; };
		04EF581F1A3007C800F174F0 /* upArrow.png */ = {isa = PBXFileReference; lastKnownFileType = image.png; name = upArrow.png; path = "Find My Car/upArrow.png"; sourceTree = "<group>"; };
		04EF58211A3007D500F174F0 /* downArrow.png */ = {isa = PBXFileReference; lastKnownFileType = image.png; name = downArrow.png; path = "Find My Car/downArrow.png"; sourceTree = "<group>"; };
/* End PBXFileReference section */

/* Begin PBXFrameworksBuildPhase section */
		048723621A083ABC00BF6E66 /* Frameworks */ = {
			isa = PBXFrameworksBuildPhase;
			buildActionMask = 2147483647;
			files = (
				04A439351A0888A700DA6306 /* QuartzCore.framework in Frameworks */,
				0471EE8F1A10779700E31FBF /* OpenGLES.framework in Frameworks */,
				04A439311A08889600DA6306 /* libz.dylib in Frameworks */,
				0471EE8D1A10778800E31FBF /* libicucore.dylib in Frameworks */,
				0471EE8B1A10777B00E31FBF /* libc++.dylib in Frameworks */,
				0471EE891A10776F00E31FBF /* ImageIO.framework in Frameworks */,
				0471EE871A10776700E31FBF /* GLKit.framework in Frameworks */,
				0471EE851A10775F00E31FBF /* CoreText.framework in Frameworks */,
				0471EE831A10775200E31FBF /* CoreData.framework in Frameworks */,
				0471EE811A10774700E31FBF /* AVFoundation.framework in Frameworks */,
				04A4393B1A0888C200DA6306 /* SystemConfiguration.framework in Frameworks */,
				04A439371A0888B000DA6306 /* Security.framework in Frameworks */,
				04A439331A08889F00DA6306 /* MobileCoreServices.framework in Frameworks */,
				0471EE791A0E9D9D00E31FBF /* FacebookSDK.framework in Frameworks */,
				04A4392F1A08888600DA6306 /* CoreLocation.framework in Frameworks */,
				0471EE7F1A10771200E31FBF /* GoogleMaps.framework in Frameworks */,
				04A4392D1A08887E00DA6306 /* CoreGraphics.framework in Frameworks */,
				04A4392B1A08887500DA6306 /* CFNetwork.framework in Frameworks */,
				04A439291A08886F00DA6306 /* AudioToolbox.framework in Frameworks */,
				04A439271A08859800DA6306 /* Parse.framework in Frameworks */,
				0471EE7B1A0E9EEC00E31FBF /* ParseFacebookUtils.framework in Frameworks */,
			);
			runOnlyForDeploymentPostprocessing = 0;
		};
		048723791A083ABC00BF6E66 /* Frameworks */ = {
			isa = PBXFrameworksBuildPhase;
			buildActionMask = 2147483647;
			files = (
			);
			runOnlyForDeploymentPostprocessing = 0;
		};
/* End PBXFrameworksBuildPhase section */

/* Begin PBXGroup section */
		0487235C1A083ABC00BF6E66 = {
			isa = PBXGroup;
			children = (
				04A4393E1A08899E00DA6306 /* Frameworks */,
				048723671A083ABC00BF6E66 /* Find My Car */,
				0487237F1A083ABC00BF6E66 /* Find My CarTests */,
				048723661A083ABC00BF6E66 /* Products */,
				04EF581F1A3007C800F174F0 /* upArrow.png */,
				04EF58211A3007D500F174F0 /* downArrow.png */,
			);
			sourceTree = "<group>";
		};
		048723661A083ABC00BF6E66 /* Products */ = {
			isa = PBXGroup;
			children = (
				048723651A083ABC00BF6E66 /* Find My Car.app */,
				0487237C1A083ABC00BF6E66 /* Find My CarTests.xctest */,
			);
			name = Products;
			sourceTree = "<group>";
		};
		048723671A083ABC00BF6E66 /* Find My Car */ = {
			isa = PBXGroup;
			children = (
				0471EE741A0C0E2300E31FBF /* Handler.swift */,
				0487236A1A083ABC00BF6E66 /* AppDelegate.swift */,
				0487236C1A083ABC00BF6E66 /* MasterViewController.swift */,
				0487236E1A083ABC00BF6E66 /* DetailViewController.swift */,
				048723701A083ABC00BF6E66 /* Main.storyboard */,
				048723731A083ABC00BF6E66 /* Images.xcassets */,
				048723751A083ABC00BF6E66 /* LaunchScreen.xib */,
				048723681A083ABC00BF6E66 /* Supporting Files */,
				04A439211A08740B00DA6306 /* Activity.swift */,
				04A439231A08848500DA6306 /* Find My Car-Bridging-Header.h */,
				046B8BBF1A117D8900E5E90E /* Location.swift */,
			);
			path = "Find My Car";
			sourceTree = "<group>";
		};
		048723681A083ABC00BF6E66 /* Supporting Files */ = {
			isa = PBXGroup;
			children = (
				048723691A083ABC00BF6E66 /* Info.plist */,
			);
			name = "Supporting Files";
			sourceTree = "<group>";
		};
		0487237F1A083ABC00BF6E66 /* Find My CarTests */ = {
			isa = PBXGroup;
			children = (
				048723821A083ABC00BF6E66 /* Find_My_CarTests.swift */,
				048723801A083ABC00BF6E66 /* Supporting Files */,
			);
			path = "Find My CarTests";
			sourceTree = "<group>";
		};
		048723801A083ABC00BF6E66 /* Supporting Files */ = {
			isa = PBXGroup;
			children = (
				048723811A083ABC00BF6E66 /* Info.plist */,
			);
			name = "Supporting Files";
			sourceTree = "<group>";
		};
		04A4393E1A08899E00DA6306 /* Frameworks */ = {
			isa = PBXGroup;
			children = (
				04E1DFE01A12CCDD006E8768 /* CoreMedia.framework */,
				04A439281A08886F00DA6306 /* AudioToolbox.framework */,
				0471EE801A10774700E31FBF /* AVFoundation.framework */,
				04A4393C1A08898100DA6306 /* Bolts.framework */,
				04A4392A1A08887500DA6306 /* CFNetwork.framework */,
				0471EE821A10775200E31FBF /* CoreData.framework */,
				04A4392C1A08887E00DA6306 /* CoreGraphics.framework */,
				04A4392E1A08888600DA6306 /* CoreLocation.framework */,
				0471EE841A10775F00E31FBF /* CoreText.framework */,
				0471EE781A0E9D9D00E31FBF /* FacebookSDK.framework */,
				0471EE861A10776700E31FBF /* GLKit.framework */,
				0471EE901A107A9600E31FBF /* GoogleMaps.bundle */,
				0471EE7E1A10771200E31FBF /* GoogleMaps.framework */,
				0471EE881A10776F00E31FBF /* ImageIO.framework */,
				0471EE8A1A10777B00E31FBF /* libc++.dylib */,
				0471EE8C1A10778800E31FBF /* libicucore.dylib */,
				04A439301A08889600DA6306 /* libz.dylib */,
				04A439321A08889F00DA6306 /* MobileCoreServices.framework */,
				0471EE8E1A10779700E31FBF /* OpenGLES.framework */,
				04A439261A08859800DA6306 /* Parse.framework */,
				0471EE7A1A0E9EEC00E31FBF /* ParseFacebookUtils.framework */,
				04A439341A0888A700DA6306 /* QuartzCore.framework */,
				04A439361A0888B000DA6306 /* Security.framework */,
				04A4393A1A0888C200DA6306 /* SystemConfiguration.framework */,
			);
			name = Frameworks;
			sourceTree = "<group>";
		};
/* End PBXGroup section */

/* Begin PBXNativeTarget section */
		048723641A083ABC00BF6E66 /* Find My Car */ = {
			isa = PBXNativeTarget;
			buildConfigurationList = 048723861A083ABC00BF6E66 /* Build configuration list for PBXNativeTarget "Find My Car" */;
			buildPhases = (
				048723611A083ABC00BF6E66 /* Sources */,
				048723621A083ABC00BF6E66 /* Frameworks */,
				048723631A083ABC00BF6E66 /* Resources */,
			);
			buildRules = (
			);
			dependencies = (
			);
			name = "Find My Car";
			productName = "Find My Car";
			productReference = 048723651A083ABC00BF6E66 /* Find My Car.app */;
			productType = "com.apple.product-type.application";
		};
		0487237B1A083ABC00BF6E66 /* Find My CarTests */ = {
			isa = PBXNativeTarget;
			buildConfigurationList = 048723891A083ABC00BF6E66 /* Build configuration list for PBXNativeTarget "Find My CarTests" */;
			buildPhases = (
				048723781A083ABC00BF6E66 /* Sources */,
				048723791A083ABC00BF6E66 /* Frameworks */,
				0487237A1A083ABC00BF6E66 /* Resources */,
			);
			buildRules = (
			);
			dependencies = (
				0487237E1A083ABC00BF6E66 /* PBXTargetDependency */,
			);
			name = "Find My CarTests";
			productName = "Find My CarTests";
			productReference = 0487237C1A083ABC00BF6E66 /* Find My CarTests.xctest */;
			productType = "com.apple.product-type.bundle.unit-test";
		};
/* End PBXNativeTarget section */

/* Begin PBXProject section */
		0487235D1A083ABC00BF6E66 /* Project object */ = {
			isa = PBXProject;
			attributes = {
				LastUpgradeCheck = 0610;
				ORGANIZATIONNAME = "Mehul Goyal";
				TargetAttributes = {
					048723641A083ABC00BF6E66 = {
						CreatedOnToolsVersion = 6.1;
						DevelopmentTeam = 7MAK4KRZ55;
						SystemCapabilities = {
							com.apple.BackgroundModes = {
								enabled = 1;
							};
							com.apple.InAppPurchase = {
								enabled = 0;
							};
						};
					};
					0487237B1A083ABC00BF6E66 = {
						CreatedOnToolsVersion = 6.1;
						TestTargetID = 048723641A083ABC00BF6E66;
					};
				};
			};
			buildConfigurationList = 048723601A083ABC00BF6E66 /* Build configuration list for PBXProject "Find My Car" */;
			compatibilityVersion = "Xcode 3.2";
			developmentRegion = English;
			hasScannedForEncodings = 0;
			knownRegions = (
				en,
				Base,
			);
			mainGroup = 0487235C1A083ABC00BF6E66;
			productRefGroup = 048723661A083ABC00BF6E66 /* Products */;
			projectDirPath = "";
			projectRoot = "";
			targets = (
				048723641A083ABC00BF6E66 /* Find My Car */,
				0487237B1A083ABC00BF6E66 /* Find My CarTests */,
			);
		};
/* End PBXProject section */

/* Begin PBXResourcesBuildPhase section */
		048723631A083ABC00BF6E66 /* Resources */ = {
			isa = PBXResourcesBuildPhase;
			buildActionMask = 2147483647;
			files = (
				048723721A083ABC00BF6E66 /* Main.storyboard in Resources */,
				04EF58201A3007C800F174F0 /* upArrow.png in Resources */,
				04EF58221A3007D500F174F0 /* downArrow.png in Resources */,
				048723771A083ABC00BF6E66 /* LaunchScreen.xib in Resources */,
				048723741A083ABC00BF6E66 /* Images.xcassets in Resources */,
				0471EE911A107A9600E31FBF /* GoogleMaps.bundle in Resources */,
			);
			runOnlyForDeploymentPostprocessing = 0;
		};
		0487237A1A083ABC00BF6E66 /* Resources */ = {
			isa = PBXResourcesBuildPhase;
			buildActionMask = 2147483647;
			files = (
			);
			runOnlyForDeploymentPostprocessing = 0;
		};
/* End PBXResourcesBuildPhase section */

/* Begin PBXSourcesBuildPhase section */
		048723611A083ABC00BF6E66 /* Sources */ = {
			isa = PBXSourcesBuildPhase;
			buildActionMask = 2147483647;
			files = (
				0471EE751A0C0E2300E31FBF /* Handler.swift in Sources */,
				04A439221A08740B00DA6306 /* Activity.swift in Sources */,
				0487236F1A083ABC00BF6E66 /* DetailViewController.swift in Sources */,
				0487236D1A083ABC00BF6E66 /* MasterViewController.swift in Sources */,
				046B8BC01A117D8900E5E90E /* Location.swift in Sources */,
				0487236B1A083ABC00BF6E66 /* AppDelegate.swift in Sources */,
			);
			runOnlyForDeploymentPostprocessing = 0;
		};
		048723781A083ABC00BF6E66 /* Sources */ = {
			isa = PBXSourcesBuildPhase;
			buildActionMask = 2147483647;
			files = (
				049D89D51A1E8E3800577F4F /* Activity.swift in Sources */,
				048723831A083ABC00BF6E66 /* Find_My_CarTests.swift in Sources */,
			);
			runOnlyForDeploymentPostprocessing = 0;
		};
/* End PBXSourcesBuildPhase section */

/* Begin PBXTargetDependency section */
		0487237E1A083ABC00BF6E66 /* PBXTargetDependency */ = {
			isa = PBXTargetDependency;
			target = 048723641A083ABC00BF6E66 /* Find My Car */;
			targetProxy = 0487237D1A083ABC00BF6E66 /* PBXContainerItemProxy */;
		};
/* End PBXTargetDependency section */

/* Begin PBXVariantGroup section */
		048723701A083ABC00BF6E66 /* Main.storyboard */ = {
			isa = PBXVariantGroup;
			children = (
				048723711A083ABC00BF6E66 /* Base */,
			);
			name = Main.storyboard;
			sourceTree = "<group>";
		};
		048723751A083ABC00BF6E66 /* LaunchScreen.xib */ = {
			isa = PBXVariantGroup;
			children = (
				048723761A083ABC00BF6E66 /* Base */,
			);
			name = LaunchScreen.xib;
			sourceTree = "<group>";
		};
/* End PBXVariantGroup section */

/* Begin XCBuildConfiguration section */
		048723841A083ABC00BF6E66 /* Debug */ = {
			isa = XCBuildConfiguration;
			buildSettings = {
				ALWAYS_SEARCH_USER_PATHS = NO;
				CLANG_CXX_LANGUAGE_STANDARD = "gnu++0x";
				CLANG_CXX_LIBRARY = "libc++";
				CLANG_ENABLE_MODULES = YES;
				CLANG_ENABLE_OBJC_ARC = YES;
				CLANG_WARN_BOOL_CONVERSION = YES;
				CLANG_WARN_CONSTANT_CONVERSION = YES;
				CLANG_WARN_DIRECT_OBJC_ISA_USAGE = YES_ERROR;
				CLANG_WARN_EMPTY_BODY = YES;
				CLANG_WARN_ENUM_CONVERSION = YES;
				CLANG_WARN_INT_CONVERSION = YES;
				CLANG_WARN_OBJC_ROOT_CLASS = YES_ERROR;
				CLANG_WARN_UNREACHABLE_CODE = YES;
				CLANG_WARN__DUPLICATE_METHOD_MATCH = YES;
				"CODE_SIGN_IDENTITY[sdk=iphoneos*]" = "iPhone Developer";
				COPY_PHASE_STRIP = NO;
				ENABLE_STRICT_OBJC_MSGSEND = YES;
				GCC_C_LANGUAGE_STANDARD = gnu99;
				GCC_DYNAMIC_NO_PIC = NO;
				GCC_OPTIMIZATION_LEVEL = 0;
				GCC_PREPROCESSOR_DEFINITIONS = (
					"DEBUG=1",
					"$(inherited)",
				);
				GCC_SYMBOLS_PRIVATE_EXTERN = NO;
				GCC_WARN_64_TO_32_BIT_CONVERSION = YES;
				GCC_WARN_ABOUT_RETURN_TYPE = YES_ERROR;
				GCC_WARN_UNDECLARED_SELECTOR = YES;
				GCC_WARN_UNINITIALIZED_AUTOS = YES_AGGRESSIVE;
				GCC_WARN_UNUSED_FUNCTION = YES;
				GCC_WARN_UNUSED_VARIABLE = YES;
				IPHONEOS_DEPLOYMENT_TARGET = 8.1;
				MTL_ENABLE_DEBUG_INFO = YES;
				ONLY_ACTIVE_ARCH = YES;
				SDKROOT = iphoneos;
				SWIFT_OPTIMIZATION_LEVEL = "-Onone";
				TARGETED_DEVICE_FAMILY = "1,2";
			};
			name = Debug;
		};
		048723851A083ABC00BF6E66 /* Release */ = {
			isa = XCBuildConfiguration;
			buildSettings = {
				ALWAYS_SEARCH_USER_PATHS = NO;
				CLANG_CXX_LANGUAGE_STANDARD = "gnu++0x";
				CLANG_CXX_LIBRARY = "libc++";
				CLANG_ENABLE_MODULES = YES;
				CLANG_ENABLE_OBJC_ARC = YES;
				CLANG_WARN_BOOL_CONVERSION = YES;
				CLANG_WARN_CONSTANT_CONVERSION = YES;
				CLANG_WARN_DIRECT_OBJC_ISA_USAGE = YES_ERROR;
				CLANG_WARN_EMPTY_BODY = YES;
				CLANG_WARN_ENUM_CONVERSION = YES;
				CLANG_WARN_INT_CONVERSION = YES;
				CLANG_WARN_OBJC_ROOT_CLASS = YES_ERROR;
				CLANG_WARN_UNREACHABLE_CODE = YES;
				CLANG_WARN__DUPLICATE_METHOD_MATCH = YES;
				"CODE_SIGN_IDENTITY[sdk=iphoneos*]" = "iPhone Developer";
				COPY_PHASE_STRIP = YES;
				ENABLE_NS_ASSERTIONS = NO;
				ENABLE_STRICT_OBJC_MSGSEND = YES;
				GCC_C_LANGUAGE_STANDARD = gnu99;
				GCC_WARN_64_TO_32_BIT_CONVERSION = YES;
				GCC_WARN_ABOUT_RETURN_TYPE = YES_ERROR;
				GCC_WARN_UNDECLARED_SELECTOR = YES;
				GCC_WARN_UNINITIALIZED_AUTOS = YES_AGGRESSIVE;
				GCC_WARN_UNUSED_FUNCTION = YES;
				GCC_WARN_UNUSED_VARIABLE = YES;
				IPHONEOS_DEPLOYMENT_TARGET = 8.1;
				MTL_ENABLE_DEBUG_INFO = NO;
				SDKROOT = iphoneos;
				TARGETED_DEVICE_FAMILY = "1,2";
				VALIDATE_PRODUCT = YES;
			};
			name = Release;
		};
		048723871A083ABC00BF6E66 /* Debug */ = {
			isa = XCBuildConfiguration;
			buildSettings = {
				ASSETCATALOG_COMPILER_APPICON_NAME = AppIcon;
				CLANG_ENABLE_MODULES = YES;
				CODE_SIGN_IDENTITY = "iPhone Developer";
				"CODE_SIGN_IDENTITY[sdk=iphoneos*]" = "iPhone Developer";
				FRAMEWORK_SEARCH_PATHS = (
					"$(inherited)",
					"$(PROJECT_DIR)",
					/Users/mehulgoyal/Documents/FacebookSDK,
					"/Users/mehulgoyal/Documents/GoogleMaps-iOS-1.9.0",
					/Users/mehulgoyal/Documents/cs242/FinalProject/ParseStarterProject,
				);
				INFOPLIST_FILE = "Find My Car/Info.plist";
				LD_RUNPATH_SEARCH_PATHS = "$(inherited) @executable_path/Frameworks";
				OTHER_LDFLAGS = "-ObjC";
				PRODUCT_NAME = "$(TARGET_NAME)";
				PROVISIONING_PROFILE = "";
				SWIFT_OBJC_BRIDGING_HEADER = "Find My Car/Find My Car-Bridging-Header.h";
				SWIFT_OPTIMIZATION_LEVEL = "-Onone";
			};
			name = Debug;
		};
		048723881A083ABC00BF6E66 /* Release */ = {
			isa = XCBuildConfiguration;
			buildSettings = {
				ASSETCATALOG_COMPILER_APPICON_NAME = AppIcon;
				CLANG_ENABLE_MODULES = YES;
				CODE_SIGN_IDENTITY = "iPhone Developer";
				"CODE_SIGN_IDENTITY[sdk=iphoneos*]" = "iPhone Developer";
				FRAMEWORK_SEARCH_PATHS = (
					"$(inherited)",
					"$(PROJECT_DIR)",
					/Users/mehulgoyal/Documents/FacebookSDK,
					"/Users/mehulgoyal/Documents/GoogleMaps-iOS-1.9.0",
					/Users/mehulgoyal/Documents/cs242/FinalProject/ParseStarterProject,
				);
				INFOPLIST_FILE = "Find My Car/Info.plist";
				LD_RUNPATH_SEARCH_PATHS = "$(inherited) @executable_path/Frameworks";
				OTHER_LDFLAGS = "-ObjC";
				PRODUCT_NAME = "$(TARGET_NAME)";
				PROVISIONING_PROFILE = "";
				SWIFT_OBJC_BRIDGING_HEADER = "Find My Car/Find My Car-Bridging-Header.h";
			};
			name = Release;
		};
		0487238A1A083ABC00BF6E66 /* Debug */ = {
			isa = XCBuildConfiguration;
			buildSettings = {
				BUNDLE_LOADER = "$(TEST_HOST)";
				FRAMEWORK_SEARCH_PATHS = (
					"$(SDKROOT)/Developer/Library/Frameworks",
					"$(inherited)",
				);
				GCC_PREPROCESSOR_DEFINITIONS = (
					"DEBUG=1",
					"$(inherited)",
				);
				INFOPLIST_FILE = "Find My CarTests/Info.plist";
				LD_RUNPATH_SEARCH_PATHS = "$(inherited) @executable_path/Frameworks @loader_path/Frameworks";
				PRODUCT_NAME = "$(TARGET_NAME)";
				TEST_HOST = "$(BUILT_PRODUCTS_DIR)/Find My Car.app/Find My Car";
			};
			name = Debug;
		};
		0487238B1A083ABC00BF6E66 /* Release */ = {
			isa = XCBuildConfiguration;
			buildSettings = {
				BUNDLE_LOADER = "$(TEST_HOST)";
				FRAMEWORK_SEARCH_PATHS = (
					"$(SDKROOT)/Developer/Library/Frameworks",
					"$(inherited)",
				);
				INFOPLIST_FILE = "Find My CarTests/Info.plist";
				LD_RUNPATH_SEARCH_PATHS = "$(inherited) @executable_path/Frameworks @loader_path/Frameworks";
				PRODUCT_NAME = "$(TARGET_NAME)";
				TEST_HOST = "$(BUILT_PRODUCTS_DIR)/Find My Car.app/Find My Car";
			};
			name = Release;
		};
/* End XCBuildConfiguration section */

/* Begin XCConfigurationList section */
		048723601A083ABC00BF6E66 /* Build configuration list for PBXProject "Find My Car" */ = {
			isa = XCConfigurationList;
			buildConfigurations = (
				048723841A083ABC00BF6E66 /* Debug */,
				048723851A083ABC00BF6E66 /* Release */,
			);
			defaultConfigurationIsVisible = 0;
			defaultConfigurationName = Release;
		};
		048723861A083ABC00BF6E66 /* Build configuration list for PBXNativeTarget "Find My Car" */ = {
			isa = XCConfigurationList;
			buildConfigurations = (
				048723871A083ABC00BF6E66 /* Debug */,
				048723881A083ABC00BF6E66 /* Release */,
			);
			defaultConfigurationIsVisible = 0;
			defaultConfigurationName = Release;
		};
		048723891A083ABC00BF6E66 /* Build configuration list for PBXNativeTarget "Find My CarTests" */ = {
			isa = XCConfigurationList;
			buildConfigurations = (
				0487238A1A083ABC00BF6E66 /* Debug */,
				0487238B1A083ABC00BF6E66 /* Release */,
			);
			defaultConfigurationIsVisible = 0;
			defaultConfigurationName = Release;
		};
/* End XCConfigurationList section */
	};
	rootObject = 0487235D1A083ABC00BF6E66 /* Project object */;
}
